// !$*UTF8*$!
{
	archiveVersion = 1;
	classes = {
	};
	objectVersion = 51;
	objects = {

/* Begin PBXBuildFile section */
		91E77A4280975CAB16BE4503 /* Pods_LuckySpin.framework in Frameworks */ = {isa = PBXBuildFile; fileRef = CC5C2A5653A2CEA25BFD6A67 /* Pods_LuckySpin.framework */; };
		FBC87C6724DC63200044DA8E /* AppDelegate.swift in Sources */ = {isa = PBXBuildFile; fileRef = FBC87C6624DC63200044DA8E /* AppDelegate.swift */; };
		FBC87C6924DC63200044DA8E /* SceneDelegate.swift in Sources */ = {isa = PBXBuildFile; fileRef = FBC87C6824DC63200044DA8E /* SceneDelegate.swift */; };
		FBC87C6B24DC63200044DA8E /* ViewController.swift in Sources */ = {isa = PBXBuildFile; fileRef = FBC87C6A24DC63200044DA8E /* ViewController.swift */; };
		FBC87C6E24DC63200044DA8E /* Main.storyboard in Resources */ = {isa = PBXBuildFile; fileRef = FBC87C6C24DC63200044DA8E /* Main.storyboard */; };
		FBC87C7024DC63200044DA8E /* Assets.xcassets in Resources */ = {isa = PBXBuildFile; fileRef = FBC87C6F24DC63200044DA8E /* Assets.xcassets */; };
		FBC87C7324DC63200044DA8E /* LaunchScreen.storyboard in Resources */ = {isa = PBXBuildFile; fileRef = FBC87C7124DC63200044DA8E /* LaunchScreen.storyboard */; };
/* End PBXBuildFile section */

/* Begin PBXFileReference section */
		C3CC586C3ACFC309BC96077E /* Pods-LuckySpin.debug.xcconfig */ = {isa = PBXFileReference; includeInIndex = 1; lastKnownFileType = text.xcconfig; name = "Pods-LuckySpin.debug.xcconfig"; path = "Target Support Files/Pods-LuckySpin/Pods-LuckySpin.debug.xcconfig"; sourceTree = "<group>"; };
		CC5C2A5653A2CEA25BFD6A67 /* Pods_LuckySpin.framework */ = {isa = PBXFileReference; explicitFileType = wrapper.framework; includeInIndex = 0; path = Pods_LuckySpin.framework; sourceTree = BUILT_PRODUCTS_DIR; };
		F505B0153E044443C3E79FC5 /* Pods-LuckySpin.release.xcconfig */ = {isa = PBXFileReference; includeInIndex = 1; lastKnownFileType = text.xcconfig; name = "Pods-LuckySpin.release.xcconfig"; path = "Target Support Files/Pods-LuckySpin/Pods-LuckySpin.release.xcconfig"; sourceTree = "<group>"; };
		FBC87C6324DC63200044DA8E /* LuckySpin.app */ = {isa = PBXFileReference; explicitFileType = wrapper.application; includeInIndex = 0; path = LuckySpin.app; sourceTree = BUILT_PRODUCTS_DIR; };
		FBC87C6624DC63200044DA8E /* AppDelegate.swift */ = {isa = PBXFileReference; lastKnownFileType = sourcecode.swift; path = AppDelegate.swift; sourceTree = "<group>"; };
		FBC87C6824DC63200044DA8E /* SceneDelegate.swift */ = {isa = PBXFileReference; lastKnownFileType = sourcecode.swift; path = SceneDelegate.swift; sourceTree = "<group>"; };
		FBC87C6A24DC63200044DA8E /* ViewController.swift */ = {isa = PBXFileReference; lastKnownFileType = sourcecode.swift; path = ViewController.swift; sourceTree = "<group>"; };
		FBC87C6D24DC63200044DA8E /* Base */ = {isa = PBXFileReference; lastKnownFileType = file.storyboard; name = Base; path = Base.lproj/Main.storyboard; sourceTree = "<group>"; };
		FBC87C6F24DC63200044DA8E /* Assets.xcassets */ = {isa = PBXFileReference; lastKnownFileType = folder.assetcatalog; path = Assets.xcassets; sourceTree = "<group>"; };
		FBC87C7224DC63200044DA8E /* Base */ = {isa = PBXFileReference; lastKnownFileType = file.storyboard; name = Base; path = Base.lproj/LaunchScreen.storyboard; sourceTree = "<group>"; };
		FBC87C7424DC63200044DA8E /* Info.plist */ = {isa = PBXFileReference; lastKnownFileType = text.plist.xml; path = Info.plist; sourceTree = "<group>"; };
/* End PBXFileReference section */

/* Begin PBXFrameworksBuildPhase section */
		FBC87C6024DC63200044DA8E /* Frameworks */ = {
			isa = PBXFrameworksBuildPhase;
			buildActionMask = 2147483647;
			files = (
				91E77A4280975CAB16BE4503 /* Pods_LuckySpin.framework in Frameworks */,
			);
			runOnlyForDeploymentPostprocessing = 0;
		};
/* End PBXFrameworksBuildPhase section */

/* Begin PBXGroup section */
		67D0CE4AF9E4970CEACEC027 /* Pods */ = {
			isa = PBXGroup;
			children = (
				C3CC586C3ACFC309BC96077E /* Pods-LuckySpin.debug.xcconfig */,
				F505B0153E044443C3E79FC5 /* Pods-LuckySpin.release.xcconfig */,
			);
			path = Pods;
			sourceTree = "<group>";
		};
		BFFBD92399B12D1F1CED6FBD /* Frameworks */ = {
			isa = PBXGroup;
			children = (
				CC5C2A5653A2CEA25BFD6A67 /* Pods_LuckySpin.framework */,
			);
			name = Frameworks;
			sourceTree = "<group>";
		};
		FB8F5A8424DDC5A500DE1E5B /* Controller */ = {
			isa = PBXGroup;
			children = (
				FBC87C6A24DC63200044DA8E /* ViewController.swift */,
			);
			path = Controller;
			sourceTree = "<group>";
		};
		FB8F5A8624DDC5B900DE1E5B /* View */ = {
			isa = PBXGroup;
			children = (
				FBC87C6C24DC63200044DA8E /* Main.storyboard */,
				FBC87C7124DC63200044DA8E /* LaunchScreen.storyboard */,
			);
			path = View;
			sourceTree = "<group>";
		};
		FB8F5A8824DDC83500DE1E5B /* Model */ = {
			isa = PBXGroup;
			children = (
			);
			path = Model;
			sourceTree = "<group>";
		};
		FBC87C5A24DC63200044DA8E = {
			isa = PBXGroup;
			children = (
				FBC87C6524DC63200044DA8E /* LuckySpin */,
				FBC87C6424DC63200044DA8E /* Products */,
				67D0CE4AF9E4970CEACEC027 /* Pods */,
				BFFBD92399B12D1F1CED6FBD /* Frameworks */,
			);
			sourceTree = "<group>";
		};
		FBC87C6424DC63200044DA8E /* Products */ = {
			isa = PBXGroup;
			children = (
				FBC87C6324DC63200044DA8E /* LuckySpin.app */,
			);
			name = Products;
			sourceTree = "<group>";
		};
		FBC87C6524DC63200044DA8E /* LuckySpin */ = {
			isa = PBXGroup;
			children = (
				FB8F5A8824DDC83500DE1E5B /* Model */,
				FB8F5A8624DDC5B900DE1E5B /* View */,
				FB8F5A8424DDC5A500DE1E5B /* Controller */,
				FBC87C6624DC63200044DA8E /* AppDelegate.swift */,
				FBC87C6824DC63200044DA8E /* SceneDelegate.swift */,
				FBC87C6F24DC63200044DA8E /* Assets.xcassets */,
				FBC87C7424DC63200044DA8E /* Info.plist */,
			);
			path = LuckySpin;
			sourceTree = "<group>";
		};
/* End PBXGroup section */

/* Begin PBXNativeTarget section */
		FBC87C6224DC63200044DA8E /* LuckySpin */ = {
			isa = PBXNativeTarget;
			buildConfigurationList = FBC87C7724DC63200044DA8E /* Build configuration list for PBXNativeTarget "LuckySpin" */;
			buildPhases = (
				211616949E2AE5D5A59416E5 /* [CP] Check Pods Manifest.lock */,
				FBC87C5F24DC63200044DA8E /* Sources */,
				FBC87C6024DC63200044DA8E /* Frameworks */,
				FBC87C6124DC63200044DA8E /* Resources */,
				3E43D79D215ADA9CC75C6B56 /* [CP] Embed Pods Frameworks */,
			);
			buildRules = (
			);
			dependencies = (
			);
			name = LuckySpin;
			productName = LuckySpin;
			productReference = FBC87C6324DC63200044DA8E /* LuckySpin.app */;
			productType = "com.apple.product-type.application";
		};
/* End PBXNativeTarget section */

/* Begin PBXProject section */
		FBC87C5B24DC63200044DA8E /* Project object */ = {
			isa = PBXProject;
			attributes = {
				LastSwiftUpdateCheck = 1150;
				LastUpgradeCheck = 1150;
				ORGANIZATIONNAME = "Hồ Sĩ Tuấn";
				TargetAttributes = {
					FBC87C6224DC63200044DA8E = {
						CreatedOnToolsVersion = 11.5;
					};
				};
			};
			buildConfigurationList = FBC87C5E24DC63200044DA8E /* Build configuration list for PBXProject "LuckySpin" */;
			compatibilityVersion = "Xcode 9.3";
			developmentRegion = en;
			hasScannedForEncodings = 0;
			knownRegions = (
				en,
				Base,
			);
			mainGroup = FBC87C5A24DC63200044DA8E;
			productRefGroup = FBC87C6424DC63200044DA8E /* Products */;
			projectDirPath = "";
			projectRoot = "";
			targets = (
				FBC87C6224DC63200044DA8E /* LuckySpin */,
			);
		};
/* End PBXProject section */

/* Begin PBXResourcesBuildPhase section */
		FBC87C6124DC63200044DA8E /* Resources */ = {
			isa = PBXResourcesBuildPhase;
			buildActionMask = 2147483647;
			files = (
				FBC87C7324DC63200044DA8E /* LaunchScreen.storyboard in Resources */,
				FBC87C7024DC63200044DA8E /* Assets.xcassets in Resources */,
				FBC87C6E24DC63200044DA8E /* Main.storyboard in Resources */,
			);
			runOnlyForDeploymentPostprocessing = 0;
		};
/* End PBXResourcesBuildPhase section */

/* Begin PBXShellScriptBuildPhase section */
		211616949E2AE5D5A59416E5 /* [CP] Check Pods Manifest.lock */ = {
			isa = PBXShellScriptBuildPhase;
			buildActionMask = 2147483647;
			files = (
			);
			inputFileListPaths = (
			);
			inputPaths = (
				"${PODS_PODFILE_DIR_PATH}/Podfile.lock",
				"${PODS_ROOT}/Manifest.lock",
			);
			name = "[CP] Check Pods Manifest.lock";
			outputFileListPaths = (
			);
			outputPaths = (
				"$(DERIVED_FILE_DIR)/Pods-LuckySpin-checkManifestLockResult.txt",
			);
			runOnlyForDeploymentPostprocessing = 0;
			shellPath = /bin/sh;
			shellScript = "diff \"${PODS_PODFILE_DIR_PATH}/Podfile.lock\" \"${PODS_ROOT}/Manifest.lock\" > /dev/null\nif [ $? != 0 ] ; then\n    # print error to STDERR\n    echo \"error: The sandbox is not in sync with the Podfile.lock. Run 'pod install' or update your CocoaPods installation.\" >&2\n    exit 1\nfi\n# This output is used by Xcode 'outputs' to avoid re-running this script phase.\necho \"SUCCESS\" > \"${SCRIPT_OUTPUT_FILE_0}\"\n";
			showEnvVarsInLog = 0;
		};
		3E43D79D215ADA9CC75C6B56 /* [CP] Embed Pods Frameworks */ = {
			isa = PBXShellScriptBuildPhase;
			buildActionMask = 2147483647;
			files = (
			);
			inputFileListPaths = (
				"${PODS_ROOT}/Target Support Files/Pods-LuckySpin/Pods-LuckySpin-frameworks-${CONFIGURATION}-input-files.xcfilelist",
			);
			name = "[CP] Embed Pods Frameworks";
			outputFileListPaths = (
				"${PODS_ROOT}/Target Support Files/Pods-LuckySpin/Pods-LuckySpin-frameworks-${CONFIGURATION}-output-files.xcfilelist",
			);
			runOnlyForDeploymentPostprocessing = 0;
			shellPath = /bin/sh;
			shellScript = "\"${PODS_ROOT}/Target Support Files/Pods-LuckySpin/Pods-LuckySpin-frameworks.sh\"\n";
			showEnvVarsInLog = 0;
		};
/* End PBXShellScriptBuildPhase section */

/* Begin PBXSourcesBuildPhase section */
		FBC87C5F24DC63200044DA8E /* Sources */ = {
			isa = PBXSourcesBuildPhase;
			buildActionMask = 2147483647;
			files = (
				FBC87C6B24DC63200044DA8E /* ViewController.swift in Sources */,
				FBC87C6724DC63200044DA8E /* AppDelegate.swift in Sources */,
				FBC87C6924DC63200044DA8E /* SceneDelegate.swift in Sources */,
			);
			runOnlyForDeploymentPostprocessing = 0;
		};
/* End PBXSourcesBuildPhase section */

/* Begin PBXVariantGroup section */
		FBC87C6C24DC63200044DA8E /* Main.storyboard */ = {
			isa = PBXVariantGroup;
			children = (
				FBC87C6D24DC63200044DA8E /* Base */,
			);
			name = Main.storyboard;
			sourceTree = "<group>";
		};
		FBC87C7124DC63200044DA8E /* LaunchScreen.storyboard */ = {
			isa = PBXVariantGroup;
			children = (
				FBC87C7224DC63200044DA8E /* Base */,
			);
			name = LaunchScreen.storyboard;
			sourceTree = "<group>";
		};
/* End PBXVariantGroup section */

/* Begin XCBuildConfiguration section */
		FBC87C7524DC63200044DA8E /* Debug */ = {
			isa = XCBuildConfiguration;
			buildSettings = {
				ALWAYS_SEARCH_USER_PATHS = NO;
				CLANG_ANALYZER_NONNULL = YES;
				CLANG_ANALYZER_NUMBER_OBJECT_CONVERSION = YES_AGGRESSIVE;
				CLANG_CXX_LANGUAGE_STANDARD = "gnu++14";
				CLANG_CXX_LIBRARY = "libc++";
				CLANG_ENABLE_MODULES = YES;
				CLANG_ENABLE_OBJC_ARC = YES;
				CLANG_ENABLE_OBJC_WEAK = YES;
				CLANG_WARN_BLOCK_CAPTURE_AUTORELEASING = YES;
				CLANG_WARN_BOOL_CONVERSION = YES;
				CLANG_WARN_COMMA = YES;
				CLANG_WARN_CONSTANT_CONVERSION = YES;
				CLANG_WARN_DEPRECATED_OBJC_IMPLEMENTATIONS = YES;
				CLANG_WARN_DIRECT_OBJC_ISA_USAGE = YES_ERROR;
				CLANG_WARN_DOCUMENTATION_COMMENTS = YES;
				CLANG_WARN_EMPTY_BODY = YES;
				CLANG_WARN_ENUM_CONVERSION = YES;
				CLANG_WARN_INFINITE_RECURSION = YES;
				CLANG_WARN_INT_CONVERSION = YES;
				CLANG_WARN_NON_LITERAL_NULL_CONVERSION = YES;
				CLANG_WARN_OBJC_IMPLICIT_RETAIN_SELF = YES;
				CLANG_WARN_OBJC_LITERAL_CONVERSION = YES;
				CLANG_WARN_OBJC_ROOT_CLASS = YES_ERROR;
				CLANG_WARN_RANGE_LOOP_ANALYSIS = YES;
				CLANG_WARN_STRICT_PROTOTYPES = YES;
				CLANG_WARN_SUSPICIOUS_MOVE = YES;
				CLANG_WARN_UNGUARDED_AVAILABILITY = YES_AGGRESSIVE;
				CLANG_WARN_UNREACHABLE_CODE = YES;
				CLANG_WARN__DUPLICATE_METHOD_MATCH = YES;
				COPY_PHASE_STRIP = NO;
				DEBUG_INFORMATION_FORMAT = dwarf;
				ENABLE_STRICT_OBJC_MSGSEND = YES;
				ENABLE_TESTABILITY = YES;
				GCC_C_LANGUAGE_STANDARD = gnu11;
				GCC_DYNAMIC_NO_PIC = NO;
				GCC_NO_COMMON_BLOCKS = YES;
				GCC_OPTIMIZATION_LEVEL = 0;
				GCC_PREPROCESSOR_DEFINITIONS = (
					"DEBUG=1",
					"$(inherited)",
				);
				GCC_WARN_64_TO_32_BIT_CONVERSION = YES;
				GCC_WARN_ABOUT_RETURN_TYPE = YES_ERROR;
				GCC_WARN_UNDECLARED_SELECTOR = YES;
				GCC_WARN_UNINITIALIZED_AUTOS = YES_AGGRESSIVE;
				GCC_WARN_UNUSED_FUNCTION = YES;
				GCC_WARN_UNUSED_VARIABLE = YES;
				IPHONEOS_DEPLOYMENT_TARGET = 13.5;
				MTL_ENABLE_DEBUG_INFO = INCLUDE_SOURCE;
				MTL_FAST_MATH = YES;
				ONLY_ACTIVE_ARCH = YES;
				SDKROOT = iphoneos;
				SWIFT_ACTIVE_COMPILATION_CONDITIONS = DEBUG;
				SWIFT_OPTIMIZATION_LEVEL = "-Onone";
			};
			name = Debug;
		};
		FBC87C7624DC63200044DA8E /* Release */ = {
			isa = XCBuildConfiguration;
			buildSettings = {
				ALWAYS_SEARCH_USER_PATHS = NO;
				CLANG_ANALYZER_NONNULL = YES;
				CLANG_ANALYZER_NUMBER_OBJECT_CONVERSION = YES_AGGRESSIVE;
				CLANG_CXX_LANGUAGE_STANDARD = "gnu++14";
				CLANG_CXX_LIBRARY = "libc++";
				CLANG_ENABLE_MODULES = YES;
				CLANG_ENABLE_OBJC_ARC = YES;
				CLANG_ENABLE_OBJC_WEAK = YES;
				CLANG_WARN_BLOCK_CAPTURE_AUTORELEASING = YES;
				CLANG_WARN_BOOL_CONVERSION = YES;
				CLANG_WARN_COMMA = YES;
				CLANG_WARN_CONSTANT_CONVERSION = YES;
				CLANG_WARN_DEPRECATED_OBJC_IMPLEMENTATIONS = YES;
				CLANG_WARN_DIRECT_OBJC_ISA_USAGE = YES_ERROR;
				CLANG_WARN_DOCUMENTATION_COMMENTS = YES;
				CLANG_WARN_EMPTY_BODY = YES;
				CLANG_WARN_ENUM_CONVERSION = YES;
				CLANG_WARN_INFINITE_RECURSION = YES;
				CLANG_WARN_INT_CONVERSION = YES;
				CLANG_WARN_NON_LITERAL_NULL_CONVERSION = YES;
				CLANG_WARN_OBJC_IMPLICIT_RETAIN_SELF = YES;
				CLANG_WARN_OBJC_LITERAL_CONVERSION = YES;
				CLANG_WARN_OBJC_ROOT_CLASS = YES_ERROR;
				CLANG_WARN_RANGE_LOOP_ANALYSIS = YES;
				CLANG_WARN_STRICT_PROTOTYPES = YES;
				CLANG_WARN_SUSPICIOUS_MOVE = YES;
				CLANG_WARN_UNGUARDED_AVAILABILITY = YES_AGGRESSIVE;
				CLANG_WARN_UNREACHABLE_CODE = YES;
				CLANG_WARN__DUPLICATE_METHOD_MATCH = YES;
				COPY_PHASE_STRIP = NO;
				DEBUG_INFORMATION_FORMAT = "dwarf-with-dsym";
				ENABLE_NS_ASSERTIONS = NO;
				ENABLE_STRICT_OBJC_MSGSEND = YES;
				GCC_C_LANGUAGE_STANDARD = gnu11;
				GCC_NO_COMMON_BLOCKS = YES;
				GCC_WARN_64_TO_32_BIT_CONVERSION = YES;
				GCC_WARN_ABOUT_RETURN_TYPE = YES_ERROR;
				GCC_WARN_UNDECLARED_SELECTOR = YES;
				GCC_WARN_UNINITIALIZED_AUTOS = YES_AGGRESSIVE;
				GCC_WARN_UNUSED_FUNCTION = YES;
				GCC_WARN_UNUSED_VARIABLE = YES;
				IPHONEOS_DEPLOYMENT_TARGET = 13.5;
				MTL_ENABLE_DEBUG_INFO = NO;
				MTL_FAST_MATH = YES;
				SDKROOT = iphoneos;
				SWIFT_COMPILATION_MODE = wholemodule;
				SWIFT_OPTIMIZATION_LEVEL = "-O";
				VALIDATE_PRODUCT = YES;
			};
			name = Release;
		};
		FBC87C7824DC63200044DA8E /* Debug */ = {
			isa = XCBuildConfiguration;
			baseConfigurationReference = C3CC586C3ACFC309BC96077E /* Pods-LuckySpin.debug.xcconfig */;
			buildSettings = {
				ASSETCATALOG_COMPILER_APPICON_NAME = AppIcon;
				CODE_SIGN_STYLE = Automatic;
				INFOPLIST_FILE = LuckySpin/Info.plist;
				LD_RUNPATH_SEARCH_PATHS = (
					"$(inherited)",
					"@executable_path/Frameworks",
				);
				PRODUCT_BUNDLE_IDENTIFIER = hosituan.work.LuckySpin;
				PRODUCT_NAME = "$(TARGET_NAME)";
				SWIFT_VERSION = 5.0;
				TARGETED_DEVICE_FAMILY = "1,2";
			};
			name = Debug;
		};
		FBC87C7924DC63200044DA8E /* Release */ = {
			isa = XCBuildConfiguration;
			baseConfigurationReference = F505B0153E044443C3E79FC5 /* Pods-LuckySpin.release.xcconfig */;
			buildSettings = {
				ASSETCATALOG_COMPILER_APPICON_NAME = AppIcon;
				CODE_SIGN_STYLE = Automatic;
				INFOPLIST_FILE = LuckySpin/Info.plist;
				LD_RUNPATH_SEARCH_PATHS = (
					"$(inherited)",
					"@executable_path/Frameworks",
				);
				PRODUCT_BUNDLE_IDENTIFIER = hosituan.work.LuckySpin;
				PRODUCT_NAME = "$(TARGET_NAME)";
				SWIFT_VERSION = 5.0;
				TARGETED_DEVICE_FAMILY = "1,2";
			};
			name = Release;
		};
/* End XCBuildConfiguration section */

/* Begin XCConfigurationList section */
		FBC87C5E24DC63200044DA8E /* Build configuration list for PBXProject "LuckySpin" */ = {
			isa = XCConfigurationList;
			buildConfigurations = (
				FBC87C7524DC63200044DA8E /* Debug */,
				FBC87C7624DC63200044DA8E /* Release */,
			);
			defaultConfigurationIsVisible = 0;
			defaultConfigurationName = Release;
		};
		FBC87C7724DC63200044DA8E /* Build configuration list for PBXNativeTarget "LuckySpin" */ = {
			isa = XCConfigurationList;
			buildConfigurations = (
				FBC87C7824DC63200044DA8E /* Debug */,
				FBC87C7924DC63200044DA8E /* Release */,
			);
			defaultConfigurationIsVisible = 0;
			defaultConfigurationName = Release;
		};
/* End XCConfigurationList section */
	};
	rootObject = FBC87C5B24DC63200044DA8E /* Project object */;
}
